
Microsoft Visual Studio Solution File, Format Version 12.00
# Visual Studio Version 17
VisualStudioVersion = 17.6.33723.286
MinimumVisualStudioVersion = 10.0.40219.1
Project("{9A19103F-16F7-4668-BE54-9A1E7A4F7556}") = "Magic8Ball.WFClient", "Magic8Ball.WFClient\Magic8Ball.WFClient.csproj", "{9AF893D6-42E0-46E3-818D-A55CF01A8C2F}"
EndProject
Project("{9A19103F-16F7-4668-BE54-9A1E7A4F7556}") = "Magic8Ball.Shared", "Magic8Ball.Shared\Magic8Ball.Shared.csproj", "{ECC8421D-F2FC-4BA6-85A5-7860ABD6329B}"
EndProject
Project("{9A19103F-16F7-4668-BE54-9A1E7A4F7556}") = "Magic8Ball.Classic", "Magic8Ball.Classic\Magic8Ball.Classic.csproj", "{4874DECE-0506-41EE-B701-8E787AD95108}"
EndProject
Project("{9A19103F-16F7-4668-BE54-9A1E7A4F7556}") = "Magic8Ball.WebApp", "Magic8Ball.WebApp\Magic8Ball.WebApp.csproj", "{42ED3460-F1F8-4190-940C-8BCD93D95AE9}"
EndProject
Project("{9A19103F-16F7-4668-BE54-9A1E7A4F7556}") = "Magic8Ball.Api", "Magic8Ball.Api\Magic8Ball.Api.csproj", "{29A2DB6B-949F-4F09-836D-E3EA5E6F33DD}"
EndProject
Project("{9A19103F-16F7-4668-BE54-9A1E7A4F7556}") = "Magic8Ball.RESTClient", "Magic8Ball.RESTClient\Magic8Ball.RESTClient.csproj", "{D9FE7425-E1EE-4479-88F3-F88DD14ED063}"
EndProject
Project("{D954291E-2A0B-460D-934E-DC6B0785DB48}") = "Images", "Images\Images.shproj", "{9E89D194-DCF6-4611-87AA-088CC3E78C89}"
EndProject
Project("{2150E333-8FDC-42A3-9474-1A3956D46DE8}") = "Solution Items", "Solution Items", "{81529013-6B87-40DF-9022-A2CA1A8E22F1}"
	ProjectSection(SolutionItems) = preProject
		.gitattributes = .gitattributes
		.gitignore = .gitignore
		LICENSE = LICENSE
		README.md = README.md
	EndProjectSection
EndProject
Project("{D954291E-2A0B-460D-934E-DC6B0785DB48}") = "SupportFiles", "SupportFiles\SupportFiles.shproj", "{67D47A2D-D974-4A67-BDE7-CA340C3C2115}"
EndProject
Project("{9A19103F-16F7-4668-BE54-9A1E7A4F7556}") = "Magic8Ball.AI", "Magic8Ball.AI\Magic8Ball.AI.csproj", "{6B9DF271-75F7-4E04-83A9-82AC6E326CEE}"
EndProject
Project("{9A19103F-16F7-4668-BE54-9A1E7A4F7556}") = "Google.Ai.Generativelanguage.V1Beta3", "Google.Ai.Generativelanguage.V1Beta3\Google.Ai.Generativelanguage.V1Beta3.csproj", "{9CD33C9A-1ED3-4B6F-84BD-D72DCEA75185}"
EndProject
Global
	GlobalSection(SolutionConfigurationPlatforms) = preSolution
		Debug|Any CPU = Debug|Any CPU
		Release|Any CPU = Release|Any CPU
	EndGlobalSection
	GlobalSection(ProjectConfigurationPlatforms) = postSolution
		{9AF893D6-42E0-46E3-818D-A55CF01A8C2F}.Debug|Any CPU.ActiveCfg = Debug|Any CPU
		{9AF893D6-42E0-46E3-818D-A55CF01A8C2F}.Debug|Any CPU.Build.0 = Debug|Any CPU
		{9AF893D6-42E0-46E3-818D-A55CF01A8C2F}.Release|Any CPU.ActiveCfg = Release|Any CPU
		{9AF893D6-42E0-46E3-818D-A55CF01A8C2F}.Release|Any CPU.Build.0 = Release|Any CPU
		{ECC8421D-F2FC-4BA6-85A5-7860ABD6329B}.Debug|Any CPU.ActiveCfg = Debug|Any CPU
		{ECC8421D-F2FC-4BA6-85A5-7860ABD6329B}.Debug|Any CPU.Build.0 = Debug|Any CPU
		{ECC8421D-F2FC-4BA6-85A5-7860ABD6329B}.Release|Any CPU.ActiveCfg = Release|Any CPU
		{ECC8421D-F2FC-4BA6-85A5-7860ABD6329B}.Release|Any CPU.Build.0 = Release|Any CPU
		{4874DECE-0506-41EE-B701-8E787AD95108}.Debug|Any CPU.ActiveCfg = Debug|Any CPU
		{4874DECE-0506-41EE-B701-8E787AD95108}.Debug|Any CPU.Build.0 = Debug|Any CPU
		{4874DECE-0506-41EE-B701-8E787AD95108}.Release|Any CPU.ActiveCfg = Release|Any CPU
		{4874DECE-0506-41EE-B701-8E787AD95108}.Release|Any CPU.Build.0 = Release|Any CPU
		{42ED3460-F1F8-4190-940C-8BCD93D95AE9}.Debug|Any CPU.ActiveCfg = Debug|Any CPU
		{42ED3460-F1F8-4190-940C-8BCD93D95AE9}.Debug|Any CPU.Build.0 = Debug|Any CPU
		{42ED3460-F1F8-4190-940C-8BCD93D95AE9}.Release|Any CPU.ActiveCfg = Release|Any CPU
		{42ED3460-F1F8-4190-940C-8BCD93D95AE9}.Release|Any CPU.Build.0 = Release|Any CPU
		{29A2DB6B-949F-4F09-836D-E3EA5E6F33DD}.Debug|Any CPU.ActiveCfg = Debug|Any CPU
		{29A2DB6B-949F-4F09-836D-E3EA5E6F33DD}.Debug|Any CPU.Build.0 = Debug|Any CPU
		{29A2DB6B-949F-4F09-836D-E3EA5E6F33DD}.Release|Any CPU.ActiveCfg = Release|Any CPU
		{29A2DB6B-949F-4F09-836D-E3EA5E6F33DD}.Release|Any CPU.Build.0 = Release|Any CPU
		{D9FE7425-E1EE-4479-88F3-F88DD14ED063}.Debug|Any CPU.ActiveCfg = Debug|Any CPU
		{D9FE7425-E1EE-4479-88F3-F88DD14ED063}.Debug|Any CPU.Build.0 = Debug|Any CPU
		{D9FE7425-E1EE-4479-88F3-F88DD14ED063}.Release|Any CPU.ActiveCfg = Release|Any CPU
		{D9FE7425-E1EE-4479-88F3-F88DD14ED063}.Release|Any CPU.Build.0 = Release|Any CPU
		{6B9DF271-75F7-4E04-83A9-82AC6E326CEE}.Debug|Any CPU.ActiveCfg = Debug|Any CPU
		{6B9DF271-75F7-4E04-83A9-82AC6E326CEE}.Debug|Any CPU.Build.0 = Debug|Any CPU
		{6B9DF271-75F7-4E04-83A9-82AC6E326CEE}.Release|Any CPU.ActiveCfg = Release|Any CPU
		{6B9DF271-75F7-4E04-83A9-82AC6E326CEE}.Release|Any CPU.Build.0 = Release|Any CPU
		{9CD33C9A-1ED3-4B6F-84BD-D72DCEA75185}.Debug|Any CPU.ActiveCfg = Debug|Any CPU
		{9CD33C9A-1ED3-4B6F-84BD-D72DCEA75185}.Debug|Any CPU.Build.0 = Debug|Any CPU
		{9CD33C9A-1ED3-4B6F-84BD-D72DCEA75185}.Release|Any CPU.ActiveCfg = Release|Any CPU
		{9CD33C9A-1ED3-4B6F-84BD-D72DCEA75185}.Release|Any CPU.Build.0 = Release|Any CPU
	EndGlobalSection
	GlobalSection(SolutionProperties) = preSolution
		HideSolutionNode = FALSE
	EndGlobalSection
	GlobalSection(ExtensibilityGlobals) = postSolution
		SolutionGuid = {A0CCDCE3-FD78-47C8-A32E-DE01676F9D21}
	EndGlobalSection
	GlobalSection(SharedMSBuildProjectFiles) = preSolution
		SupportFiles\SupportFiles.projitems*{67d47a2d-d974-4a67-bde7-ca340c3c2115}*SharedItemsImports = 13
		Images\Images.projitems*{9e89d194-dcf6-4611-87aa-088cc3e78c89}*SharedItemsImports = 13
	EndGlobalSection
EndGlobal
